dependencies:
- name: mongodb
  repository: oci://registry-1.docker.io/bitnamicharts
  version: 13.16.3
- name: minio
  repository: oci://registry-1.docker.io/bitnamicharts
  version: 12.8.12
- name: keycloak
  repository: oci://registry-1.docker.io/bitnamicharts
  version: 17.3.5
digest: sha256:f8feec9aca5883a3f3e5dd86d9fede059f07027aa0b9328f0b5d8862eb1dda2c
generated: "2023-12-11T15:06:25.42067+01:00"
